// !$*UTF8*$!
{
	archiveVersion = 1;
	classes = {
	};
	objectVersion = 50;
	objects = {

/* Begin PBXBuildFile section */
		1D0089B92222DFA50057517D /* MainTVController.swift in Sources */ = {isa = PBXBuildFile; fileRef = 1D0089B82222DFA50057517D /* MainTVController.swift */; };
		1D33453D22A01B15004DB221 /* SurveyStateTBController.swift in Sources */ = {isa = PBXBuildFile; fileRef = 1D33453C22A01B15004DB221 /* SurveyStateTBController.swift */; };
		1D33453F22A01B57004DB221 /* SaveSurveyViewController.swift in Sources */ = {isa = PBXBuildFile; fileRef = 1D33453E22A01B57004DB221 /* SaveSurveyViewController.swift */; };
		1D33454122A01B84004DB221 /* LoadSurveyTVController.swift in Sources */ = {isa = PBXBuildFile; fileRef = 1D33454022A01B84004DB221 /* LoadSurveyTVController.swift */; };
		1D33454322A05C6B004DB221 /* JED-EYE Logo Fina.png in Resources */ = {isa = PBXBuildFile; fileRef = 1D33454222A05C6B004DB221 /* JED-EYE Logo Fina.png */; };
		1D33454722A05F72004DB221 /* Jedeye logo 120x120.png in Resources */ = {isa = PBXBuildFile; fileRef = 1D33454422A05F72004DB221 /* Jedeye logo 120x120.png */; };
		1D33454822A05F72004DB221 /* Jedeye logo 180x180.png in Resources */ = {isa = PBXBuildFile; fileRef = 1D33454522A05F72004DB221 /* Jedeye logo 180x180.png */; };
		1D33454922A05F72004DB221 /* Jedeye logo 1024x1024.png in Resources */ = {isa = PBXBuildFile; fileRef = 1D33454622A05F72004DB221 /* Jedeye logo 1024x1024.png */; };
		1D33454B22A2C5D1004DB221 /* SurveyTypeViewController.swift in Sources */ = {isa = PBXBuildFile; fileRef = 1D33454A22A2C5D1004DB221 /* SurveyTypeViewController.swift */; };
		1D3E80A622D7A04C009B5628 /* AddressDelegate.swift in Sources */ = {isa = PBXBuildFile; fileRef = 1D3E80A522D7A04C009B5628 /* AddressDelegate.swift */; };
		1D5138952289A7D70010C7CD /* AsynchDataDelegate.swift in Sources */ = {isa = PBXBuildFile; fileRef = 1D5138942289A7D70010C7CD /* AsynchDataDelegate.swift */; };
		1D52F28C2292F6E800A43448 /* FiveHundredLbViewController.swift in Sources */ = {isa = PBXBuildFile; fileRef = 1D52F28B2292F6E800A43448 /* FiveHundredLbViewController.swift */; };
		1D52F28F22930A8500A43448 /* PowerViewController.swift in Sources */ = {isa = PBXBuildFile; fileRef = 1D52F28E22930A8500A43448 /* PowerViewController.swift */; };
		1D52F29122930AC300A43448 /* MeasurementViewController.swift in Sources */ = {isa = PBXBuildFile; fileRef = 1D52F29022930AC300A43448 /* MeasurementViewController.swift */; };
		1D52F293229326DE00A43448 /* AccessoriesTVController.swift in Sources */ = {isa = PBXBuildFile; fileRef = 1D52F292229326DE00A43448 /* AccessoriesTVController.swift */; };
		1D52F29E2295BF1900A43448 /* ArticulatingWallHeightViewController.swift in Sources */ = {isa = PBXBuildFile; fileRef = 1D52F29D2295BF1900A43448 /* ArticulatingWallHeightViewController.swift */; };
		1D6D4DF422C50A5200D065EF /* fetchsurveys.php in Resources */ = {isa = PBXBuildFile; fileRef = 1D6D4DF322C50A5200D065EF /* fetchsurveys.php */; };
		1D6D4DF622C53E2000D065EF /* fetchkvpairs.php in Resources */ = {isa = PBXBuildFile; fileRef = 1D6D4DF522C53E2000D065EF /* fetchkvpairs.php */; };
		1D73A28522DCD779008255D5 /* LoadViewCell.swift in Sources */ = {isa = PBXBuildFile; fileRef = 1D73A28422DCD779008255D5 /* LoadViewCell.swift */; };
		1D73A28922DDF478008255D5 /* SurveyDetailTVController.swift in Sources */ = {isa = PBXBuildFile; fileRef = 1D73A28822DDF478008255D5 /* SurveyDetailTVController.swift */; };
		1D73A28B22DDF611008255D5 /* SurveyAddressCell.swift in Sources */ = {isa = PBXBuildFile; fileRef = 1D73A28A22DDF611008255D5 /* SurveyAddressCell.swift */; };
		1D73A28D22DDF754008255D5 /* SurveyInfoCell.swift in Sources */ = {isa = PBXBuildFile; fileRef = 1D73A28C22DDF754008255D5 /* SurveyInfoCell.swift */; };
		1D73A28F22DE2478008255D5 /* SurveyUserSelectionCell.swift in Sources */ = {isa = PBXBuildFile; fileRef = 1D73A28E22DE2478008255D5 /* SurveyUserSelectionCell.swift */; };
		1D793B0D21FA07DE00E4C80C /* AppDelegate.swift in Sources */ = {isa = PBXBuildFile; fileRef = 1D793B0C21FA07DE00E4C80C /* AppDelegate.swift */; };
		1D793B0F21FA07DE00E4C80C /* ViewController.swift in Sources */ = {isa = PBXBuildFile; fileRef = 1D793B0E21FA07DE00E4C80C /* ViewController.swift */; };
		1D793B1221FA07DE00E4C80C /* Main.storyboard in Resources */ = {isa = PBXBuildFile; fileRef = 1D793B1021FA07DE00E4C80C /* Main.storyboard */; };
		1D793B1421FA07DF00E4C80C /* Assets.xcassets in Resources */ = {isa = PBXBuildFile; fileRef = 1D793B1321FA07DF00E4C80C /* Assets.xcassets */; };
		1D793B1721FA07DF00E4C80C /* LaunchScreen.storyboard in Resources */ = {isa = PBXBuildFile; fileRef = 1D793B1521FA07DF00E4C80C /* LaunchScreen.storyboard */; };
		1D793B2221FA07E000E4C80C /* jedeyeTests.swift in Sources */ = {isa = PBXBuildFile; fileRef = 1D793B2121FA07E000E4C80C /* jedeyeTests.swift */; };
		1D793B2D21FA07E000E4C80C /* jedeyeUITests.swift in Sources */ = {isa = PBXBuildFile; fileRef = 1D793B2C21FA07E000E4C80C /* jedeyeUITests.swift */; };
		1D8C113922C6862600F38275 /* AddressViewController.swift in Sources */ = {isa = PBXBuildFile; fileRef = 1D8C113822C6862600F38275 /* AddressViewController.swift */; };
		1D8C113B22C68E9500F38275 /* savesurvey.php in Resources */ = {isa = PBXBuildFile; fileRef = 1D8C113A22C68E9500F38275 /* savesurvey.php */; };
		1D8C114022C7B62800F38275 /* BooleanCell.swift in Sources */ = {isa = PBXBuildFile; fileRef = 1D8C113F22C7B62800F38275 /* BooleanCell.swift */; };
		1D8C114222CBA5A300F38275 /* DropDownCell.swift in Sources */ = {isa = PBXBuildFile; fileRef = 1D8C114122CBA5A300F38275 /* DropDownCell.swift */; };
		1D8C114422CF9AAD00F38275 /* LiftWeightViewController.swift in Sources */ = {isa = PBXBuildFile; fileRef = 1D8C114322CF9AAD00F38275 /* LiftWeightViewController.swift */; };
		1D8C114622D5111800F38275 /* CarpenterMeasureViewController.swift in Sources */ = {isa = PBXBuildFile; fileRef = 1D8C114522D5111800F38275 /* CarpenterMeasureViewController.swift */; };
		1D8C114822D51E6100F38275 /* CarpenterDelegate.swift in Sources */ = {isa = PBXBuildFile; fileRef = 1D8C114722D51E6100F38275 /* CarpenterDelegate.swift */; };
		1D943DC82296E2630021B163 /* LoginViewController.swift in Sources */ = {isa = PBXBuildFile; fileRef = 1D943DC72296E2630021B163 /* LoginViewController.swift */; };
		1D943DCB2296FB140021B163 /* templogo.png in Resources */ = {isa = PBXBuildFile; fileRef = 1D943DCA2296FB140021B163 /* templogo.png */; };
		1D943DCD2296FD630021B163 /* Session.swift in Sources */ = {isa = PBXBuildFile; fileRef = 1D943DCC2296FD630021B163 /* Session.swift */; };
		1D95623A222704F8002AC2D4 /* NavController.swift in Sources */ = {isa = PBXBuildFile; fileRef = 1D956239222704F8002AC2D4 /* NavController.swift */; };
		1D95F48022E89ACA00AF0BBC /* EquipmentSelectionTVController.swift in Sources */ = {isa = PBXBuildFile; fileRef = 1D95F47F22E89ACA00AF0BBC /* EquipmentSelectionTVController.swift */; };
		1D95F48222E89C5100AF0BBC /* EquipmentCell.swift in Sources */ = {isa = PBXBuildFile; fileRef = 1D95F48122E89C5100AF0BBC /* EquipmentCell.swift */; };
		1D98E4D522887D5700E3C28D /* SubtypeTVController.swift in Sources */ = {isa = PBXBuildFile; fileRef = 1D98E4D422887D5700E3C28D /* SubtypeTVController.swift */; };
		1DCC96E322A821990053A3CE /* File in Resources */ = {isa = PBXBuildFile; fileRef = 1DCC96E222A821990053A3CE /* File */; };
		1DE4967E22905765006BEBD5 /* MeasureOpeningViewController.swift in Sources */ = {isa = PBXBuildFile; fileRef = 1DE4967D22905765006BEBD5 /* MeasureOpeningViewController.swift */; };
		1DE4968222906F49006BEBD5 /* TerrainWeightViewController.swift in Sources */ = {isa = PBXBuildFile; fileRef = 1DE4968122906F49006BEBD5 /* TerrainWeightViewController.swift */; };
		1DF5C13E22B527DB00219698 /* SurveyData.swift in Sources */ = {isa = PBXBuildFile; fileRef = 1DF5C13D22B527DB00219698 /* SurveyData.swift */; };
/* End PBXBuildFile section */

/* Begin PBXContainerItemProxy section */
		1D793B1E21FA07E000E4C80C /* PBXContainerItemProxy */ = {
			isa = PBXContainerItemProxy;
			containerPortal = 1D793B0121FA07DE00E4C80C /* Project object */;
			proxyType = 1;
			remoteGlobalIDString = 1D793B0821FA07DE00E4C80C;
			remoteInfo = jedeye;
		};
		1D793B2921FA07E000E4C80C /* PBXContainerItemProxy */ = {
			isa = PBXContainerItemProxy;
			containerPortal = 1D793B0121FA07DE00E4C80C /* Project object */;
			proxyType = 1;
			remoteGlobalIDString = 1D793B0821FA07DE00E4C80C;
			remoteInfo = jedeye;
		};
/* End PBXContainerItemProxy section */

/* Begin PBXFileReference section */
		1D0089B82222DFA50057517D /* MainTVController.swift */ = {isa = PBXFileReference; lastKnownFileType = sourcecode.swift; path = MainTVController.swift; sourceTree = "<group>"; };
		1D33453C22A01B15004DB221 /* SurveyStateTBController.swift */ = {isa = PBXFileReference; lastKnownFileType = sourcecode.swift; path = SurveyStateTBController.swift; sourceTree = "<group>"; };
		1D33453E22A01B57004DB221 /* SaveSurveyViewController.swift */ = {isa = PBXFileReference; lastKnownFileType = sourcecode.swift; path = SaveSurveyViewController.swift; sourceTree = "<group>"; };
		1D33454022A01B84004DB221 /* LoadSurveyTVController.swift */ = {isa = PBXFileReference; lastKnownFileType = sourcecode.swift; path = LoadSurveyTVController.swift; sourceTree = "<group>"; };
		1D33454222A05C6B004DB221 /* JED-EYE Logo Fina.png */ = {isa = PBXFileReference; lastKnownFileType = image.png; path = "JED-EYE Logo Fina.png"; sourceTree = "<group>"; };
		1D33454422A05F72004DB221 /* Jedeye logo 120x120.png */ = {isa = PBXFileReference; lastKnownFileType = image.png; path = "Jedeye logo 120x120.png"; sourceTree = "<group>"; };
		1D33454522A05F72004DB221 /* Jedeye logo 180x180.png */ = {isa = PBXFileReference; lastKnownFileType = image.png; path = "Jedeye logo 180x180.png"; sourceTree = "<group>"; };
		1D33454622A05F72004DB221 /* Jedeye logo 1024x1024.png */ = {isa = PBXFileReference; lastKnownFileType = image.png; path = "Jedeye logo 1024x1024.png"; sourceTree = "<group>"; };
		1D33454A22A2C5D1004DB221 /* SurveyTypeViewController.swift */ = {isa = PBXFileReference; lastKnownFileType = sourcecode.swift; path = SurveyTypeViewController.swift; sourceTree = "<group>"; };
		1D3E80A522D7A04C009B5628 /* AddressDelegate.swift */ = {isa = PBXFileReference; lastKnownFileType = sourcecode.swift; path = AddressDelegate.swift; sourceTree = "<group>"; };
		1D5138942289A7D70010C7CD /* AsynchDataDelegate.swift */ = {isa = PBXFileReference; lastKnownFileType = sourcecode.swift; path = AsynchDataDelegate.swift; sourceTree = "<group>"; };
		1D52F28B2292F6E800A43448 /* FiveHundredLbViewController.swift */ = {isa = PBXFileReference; lastKnownFileType = sourcecode.swift; path = FiveHundredLbViewController.swift; sourceTree = "<group>"; };
		1D52F28E22930A8500A43448 /* PowerViewController.swift */ = {isa = PBXFileReference; lastKnownFileType = sourcecode.swift; path = PowerViewController.swift; sourceTree = "<group>"; };
		1D52F29022930AC300A43448 /* MeasurementViewController.swift */ = {isa = PBXFileReference; lastKnownFileType = sourcecode.swift; path = MeasurementViewController.swift; sourceTree = "<group>"; };
		1D52F292229326DE00A43448 /* AccessoriesTVController.swift */ = {isa = PBXFileReference; lastKnownFileType = sourcecode.swift; path = AccessoriesTVController.swift; sourceTree = "<group>"; };
		1D52F29D2295BF1900A43448 /* ArticulatingWallHeightViewController.swift */ = {isa = PBXFileReference; lastKnownFileType = sourcecode.swift; path = ArticulatingWallHeightViewController.swift; sourceTree = "<group>"; };
		1D6D4DF322C50A5200D065EF /* fetchsurveys.php */ = {isa = PBXFileReference; lastKnownFileType = text.script.php; path = fetchsurveys.php; sourceTree = "<group>"; xcLanguageSpecificationIdentifier = xcode.lang.php; };
		1D6D4DF522C53E2000D065EF /* fetchkvpairs.php */ = {isa = PBXFileReference; lastKnownFileType = text.script.php; path = fetchkvpairs.php; sourceTree = "<group>"; xcLanguageSpecificationIdentifier = xcode.lang.php; };
		1D73A28422DCD779008255D5 /* LoadViewCell.swift */ = {isa = PBXFileReference; lastKnownFileType = sourcecode.swift; path = LoadViewCell.swift; sourceTree = "<group>"; };
		1D73A28822DDF478008255D5 /* SurveyDetailTVController.swift */ = {isa = PBXFileReference; lastKnownFileType = sourcecode.swift; path = SurveyDetailTVController.swift; sourceTree = "<group>"; };
		1D73A28A22DDF611008255D5 /* SurveyAddressCell.swift */ = {isa = PBXFileReference; lastKnownFileType = sourcecode.swift; path = SurveyAddressCell.swift; sourceTree = "<group>"; };
		1D73A28C22DDF754008255D5 /* SurveyInfoCell.swift */ = {isa = PBXFileReference; lastKnownFileType = sourcecode.swift; path = SurveyInfoCell.swift; sourceTree = "<group>"; };
		1D73A28E22DE2478008255D5 /* SurveyUserSelectionCell.swift */ = {isa = PBXFileReference; lastKnownFileType = sourcecode.swift; path = SurveyUserSelectionCell.swift; sourceTree = "<group>"; };
		1D793B0921FA07DE00E4C80C /* jedeye.app */ = {isa = PBXFileReference; explicitFileType = wrapper.application; includeInIndex = 0; path = jedeye.app; sourceTree = BUILT_PRODUCTS_DIR; };
		1D793B0C21FA07DE00E4C80C /* AppDelegate.swift */ = {isa = PBXFileReference; lastKnownFileType = sourcecode.swift; path = AppDelegate.swift; sourceTree = "<group>"; };
		1D793B0E21FA07DE00E4C80C /* ViewController.swift */ = {isa = PBXFileReference; lastKnownFileType = sourcecode.swift; path = ViewController.swift; sourceTree = "<group>"; };
		1D793B1121FA07DE00E4C80C /* Base */ = {isa = PBXFileReference; lastKnownFileType = file.storyboard; name = Base; path = Base.lproj/Main.storyboard; sourceTree = "<group>"; };
		1D793B1321FA07DF00E4C80C /* Assets.xcassets */ = {isa = PBXFileReference; lastKnownFileType = folder.assetcatalog; path = Assets.xcassets; sourceTree = "<group>"; };
		1D793B1621FA07DF00E4C80C /* Base */ = {isa = PBXFileReference; lastKnownFileType = file.storyboard; name = Base; path = Base.lproj/LaunchScreen.storyboard; sourceTree = "<group>"; };
		1D793B1821FA07DF00E4C80C /* Info.plist */ = {isa = PBXFileReference; lastKnownFileType = text.plist.xml; path = Info.plist; sourceTree = "<group>"; };
		1D793B1D21FA07E000E4C80C /* jedeyeTests.xctest */ = {isa = PBXFileReference; explicitFileType = wrapper.cfbundle; includeInIndex = 0; path = jedeyeTests.xctest; sourceTree = BUILT_PRODUCTS_DIR; };
		1D793B2121FA07E000E4C80C /* jedeyeTests.swift */ = {isa = PBXFileReference; lastKnownFileType = sourcecode.swift; path = jedeyeTests.swift; sourceTree = "<group>"; };
		1D793B2321FA07E000E4C80C /* Info.plist */ = {isa = PBXFileReference; lastKnownFileType = text.plist.xml; path = Info.plist; sourceTree = "<group>"; };
		1D793B2821FA07E000E4C80C /* jedeyeUITests.xctest */ = {isa = PBXFileReference; explicitFileType = wrapper.cfbundle; includeInIndex = 0; path = jedeyeUITests.xctest; sourceTree = BUILT_PRODUCTS_DIR; };
		1D793B2C21FA07E000E4C80C /* jedeyeUITests.swift */ = {isa = PBXFileReference; lastKnownFileType = sourcecode.swift; path = jedeyeUITests.swift; sourceTree = "<group>"; };
		1D793B2E21FA07E000E4C80C /* Info.plist */ = {isa = PBXFileReference; lastKnownFileType = text.plist.xml; path = Info.plist; sourceTree = "<group>"; };
		1D8C113822C6862600F38275 /* AddressViewController.swift */ = {isa = PBXFileReference; lastKnownFileType = sourcecode.swift; path = AddressViewController.swift; sourceTree = "<group>"; };
		1D8C113A22C68E9500F38275 /* savesurvey.php */ = {isa = PBXFileReference; lastKnownFileType = text.script.php; path = savesurvey.php; sourceTree = "<group>"; };
		1D8C113F22C7B62800F38275 /* BooleanCell.swift */ = {isa = PBXFileReference; lastKnownFileType = sourcecode.swift; path = BooleanCell.swift; sourceTree = "<group>"; };
		1D8C114122CBA5A300F38275 /* DropDownCell.swift */ = {isa = PBXFileReference; lastKnownFileType = sourcecode.swift; path = DropDownCell.swift; sourceTree = "<group>"; };
		1D8C114322CF9AAD00F38275 /* LiftWeightViewController.swift */ = {isa = PBXFileReference; lastKnownFileType = sourcecode.swift; path = LiftWeightViewController.swift; sourceTree = "<group>"; };
		1D8C114522D5111800F38275 /* CarpenterMeasureViewController.swift */ = {isa = PBXFileReference; lastKnownFileType = sourcecode.swift; path = CarpenterMeasureViewController.swift; sourceTree = "<group>"; };
		1D8C114722D51E6100F38275 /* CarpenterDelegate.swift */ = {isa = PBXFileReference; lastKnownFileType = sourcecode.swift; path = CarpenterDelegate.swift; sourceTree = "<group>"; };
		1D943DC72296E2630021B163 /* LoginViewController.swift */ = {isa = PBXFileReference; lastKnownFileType = sourcecode.swift; path = LoginViewController.swift; sourceTree = "<group>"; };
		1D943DCA2296FB140021B163 /* templogo.png */ = {isa = PBXFileReference; lastKnownFileType = image.png; path = templogo.png; sourceTree = "<group>"; };
		1D943DCC2296FD630021B163 /* Session.swift */ = {isa = PBXFileReference; lastKnownFileType = sourcecode.swift; path = Session.swift; sourceTree = "<group>"; };
		1D956239222704F8002AC2D4 /* NavController.swift */ = {isa = PBXFileReference; lastKnownFileType = sourcecode.swift; path = NavController.swift; sourceTree = "<group>"; };
		1D95F47F22E89ACA00AF0BBC /* EquipmentSelectionTVController.swift */ = {isa = PBXFileReference; lastKnownFileType = sourcecode.swift; path = EquipmentSelectionTVController.swift; sourceTree = "<group>"; };
		1D95F48122E89C5100AF0BBC /* EquipmentCell.swift */ = {isa = PBXFileReference; lastKnownFileType = sourcecode.swift; path = EquipmentCell.swift; sourceTree = "<group>"; };
		1D98E4D422887D5700E3C28D /* SubtypeTVController.swift */ = {isa = PBXFileReference; lastKnownFileType = sourcecode.swift; path = SubtypeTVController.swift; sourceTree = "<group>"; };
		1DCC96E222A821990053A3CE /* File */ = {isa = PBXFileReference; lastKnownFileType = text; path = File; sourceTree = "<group>"; };
		1DE4967D22905765006BEBD5 /* MeasureOpeningViewController.swift */ = {isa = PBXFileReference; lastKnownFileType = sourcecode.swift; path = MeasureOpeningViewController.swift; sourceTree = "<group>"; };
		1DE4968122906F49006BEBD5 /* TerrainWeightViewController.swift */ = {isa = PBXFileReference; lastKnownFileType = sourcecode.swift; path = TerrainWeightViewController.swift; sourceTree = "<group>"; };
		1DF5C13D22B527DB00219698 /* SurveyData.swift */ = {isa = PBXFileReference; lastKnownFileType = sourcecode.swift; path = SurveyData.swift; sourceTree = "<group>"; };
/* End PBXFileReference section */

/* Begin PBXFrameworksBuildPhase section */
		1D793B0621FA07DE00E4C80C /* Frameworks */ = {
			isa = PBXFrameworksBuildPhase;
			buildActionMask = 2147483647;
			files = (
			);
			runOnlyForDeploymentPostprocessing = 0;
		};
		1D793B1A21FA07E000E4C80C /* Frameworks */ = {
			isa = PBXFrameworksBuildPhase;
			buildActionMask = 2147483647;
			files = (
			);
			runOnlyForDeploymentPostprocessing = 0;
		};
		1D793B2521FA07E000E4C80C /* Frameworks */ = {
			isa = PBXFrameworksBuildPhase;
			buildActionMask = 2147483647;
			files = (
			);
			runOnlyForDeploymentPostprocessing = 0;
		};
/* End PBXFrameworksBuildPhase section */

/* Begin PBXGroup section */
		1D0089BC2222E14C0057517D /* Model */ = {
			isa = PBXGroup;
			children = (
				1D5138942289A7D70010C7CD /* AsynchDataDelegate.swift */,
				1D943DCC2296FD630021B163 /* Session.swift */,
				1DF5C13D22B527DB00219698 /* SurveyData.swift */,
				1D8C114722D51E6100F38275 /* CarpenterDelegate.swift */,
				1D3E80A522D7A04C009B5628 /* AddressDelegate.swift */,
			);
			path = Model;
			sourceTree = "<group>";
		};
		1D33453A22A01A52004DB221 /* Main Flow */ = {
			isa = PBXGroup;
			children = (
				1D956239222704F8002AC2D4 /* NavController.swift */,
				1D943DC72296E2630021B163 /* LoginViewController.swift */,
				1D0089B82222DFA50057517D /* MainTVController.swift */,
				1D98E4D422887D5700E3C28D /* SubtypeTVController.swift */,
				1DE4967D22905765006BEBD5 /* MeasureOpeningViewController.swift */,
				1D52F29D2295BF1900A43448 /* ArticulatingWallHeightViewController.swift */,
				1DE4968122906F49006BEBD5 /* TerrainWeightViewController.swift */,
				1D52F28B2292F6E800A43448 /* FiveHundredLbViewController.swift */,
				1D52F28E22930A8500A43448 /* PowerViewController.swift */,
				1D8C114322CF9AAD00F38275 /* LiftWeightViewController.swift */,
				1D52F29022930AC300A43448 /* MeasurementViewController.swift */,
				1D52F292229326DE00A43448 /* AccessoriesTVController.swift */,
				1D95F47F22E89ACA00AF0BBC /* EquipmentSelectionTVController.swift */,
				1D8C114522D5111800F38275 /* CarpenterMeasureViewController.swift */,
				1D793B1521FA07DF00E4C80C /* LaunchScreen.storyboard */,
			);
			path = "Main Flow";
			sourceTree = "<group>";
		};
		1D33453B22A01AD6004DB221 /* SurveyState */ = {
			isa = PBXGroup;
			children = (
				1D33453C22A01B15004DB221 /* SurveyStateTBController.swift */,
				1D33454022A01B84004DB221 /* LoadSurveyTVController.swift */,
				1D33453E22A01B57004DB221 /* SaveSurveyViewController.swift */,
				1D33454A22A2C5D1004DB221 /* SurveyTypeViewController.swift */,
				1D8C113822C6862600F38275 /* AddressViewController.swift */,
				1D73A28822DDF478008255D5 /* SurveyDetailTVController.swift */,
			);
			path = SurveyState;
			sourceTree = "<group>";
		};
		1D6D4DF022C509F300D065EF /* phpedit */ = {
			isa = PBXGroup;
			children = (
				1D6D4DF322C50A5200D065EF /* fetchsurveys.php */,
				1D6D4DF522C53E2000D065EF /* fetchkvpairs.php */,
				1D8C113A22C68E9500F38275 /* savesurvey.php */,
			);
			path = phpedit;
			sourceTree = "<group>";
		};
		1D793B0021FA07DE00E4C80C = {
			isa = PBXGroup;
			children = (
				1DCC96E222A821990053A3CE /* File */,
				1D793B0B21FA07DE00E4C80C /* jedeye */,
				1D793B2021FA07E000E4C80C /* jedeyeTests */,
				1D793B2B21FA07E000E4C80C /* jedeyeUITests */,
				1D793B0A21FA07DE00E4C80C /* Products */,
			);
			sourceTree = "<group>";
		};
		1D793B0A21FA07DE00E4C80C /* Products */ = {
			isa = PBXGroup;
			children = (
				1D793B0921FA07DE00E4C80C /* jedeye.app */,
				1D793B1D21FA07E000E4C80C /* jedeyeTests.xctest */,
				1D793B2821FA07E000E4C80C /* jedeyeUITests.xctest */,
			);
			name = Products;
			sourceTree = "<group>";
		};
		1D793B0B21FA07DE00E4C80C /* jedeye */ = {
			isa = PBXGroup;
			children = (
				1D8C113E22C7B5F100F38275 /* CustomCells */,
				1D6D4DF022C509F300D065EF /* phpedit */,
				1D943DC92296FAC70021B163 /* Images */,
				1D0089BC2222E14C0057517D /* Model */,
				1D33453A22A01A52004DB221 /* Main Flow */,
				1D33453B22A01AD6004DB221 /* SurveyState */,
				1D793B0C21FA07DE00E4C80C /* AppDelegate.swift */,
				1D793B0E21FA07DE00E4C80C /* ViewController.swift */,
				1D793B1021FA07DE00E4C80C /* Main.storyboard */,
				1D793B1321FA07DF00E4C80C /* Assets.xcassets */,
				1D793B1821FA07DF00E4C80C /* Info.plist */,
			);
			path = jedeye;
			sourceTree = "<group>";
		};
		1D793B2021FA07E000E4C80C /* jedeyeTests */ = {
			isa = PBXGroup;
			children = (
				1D793B2121FA07E000E4C80C /* jedeyeTests.swift */,
				1D793B2321FA07E000E4C80C /* Info.plist */,
			);
			path = jedeyeTests;
			sourceTree = "<group>";
		};
		1D793B2B21FA07E000E4C80C /* jedeyeUITests */ = {
			isa = PBXGroup;
			children = (
				1D793B2C21FA07E000E4C80C /* jedeyeUITests.swift */,
				1D793B2E21FA07E000E4C80C /* Info.plist */,
			);
			path = jedeyeUITests;
			sourceTree = "<group>";
		};
		1D8C113E22C7B5F100F38275 /* CustomCells */ = {
			isa = PBXGroup;
			children = (
				1D8C113F22C7B62800F38275 /* BooleanCell.swift */,
				1D8C114122CBA5A300F38275 /* DropDownCell.swift */,
				1D73A28422DCD779008255D5 /* LoadViewCell.swift */,
				1D73A28C22DDF754008255D5 /* SurveyInfoCell.swift */,
				1D73A28A22DDF611008255D5 /* SurveyAddressCell.swift */,
				1D73A28E22DE2478008255D5 /* SurveyUserSelectionCell.swift */,
				1D95F48122E89C5100AF0BBC /* EquipmentCell.swift */,
			);
			path = CustomCells;
			sourceTree = "<group>";
		};
		1D943DC92296FAC70021B163 /* Images */ = {
			isa = PBXGroup;
			children = (
				1D33454422A05F72004DB221 /* Jedeye logo 120x120.png */,
				1D33454522A05F72004DB221 /* Jedeye logo 180x180.png */,
				1D33454622A05F72004DB221 /* Jedeye logo 1024x1024.png */,
				1D33454222A05C6B004DB221 /* JED-EYE Logo Fina.png */,
				1D943DCA2296FB140021B163 /* templogo.png */,
			);
			path = Images;
			sourceTree = "<group>";
		};
/* End PBXGroup section */

/* Begin PBXNativeTarget section */
		1D793B0821FA07DE00E4C80C /* jedeye */ = {
			isa = PBXNativeTarget;
			buildConfigurationList = 1D793B3121FA07E000E4C80C /* Build configuration list for PBXNativeTarget "jedeye" */;
			buildPhases = (
				1D793B0521FA07DE00E4C80C /* Sources */,
				1D793B0621FA07DE00E4C80C /* Frameworks */,
				1D793B0721FA07DE00E4C80C /* Resources */,
			);
			buildRules = (
			);
			dependencies = (
			);
			name = jedeye;
			productName = jedeye;
			productReference = 1D793B0921FA07DE00E4C80C /* jedeye.app */;
			productType = "com.apple.product-type.application";
		};
		1D793B1C21FA07E000E4C80C /* jedeyeTests */ = {
			isa = PBXNativeTarget;
			buildConfigurationList = 1D793B3421FA07E000E4C80C /* Build configuration list for PBXNativeTarget "jedeyeTests" */;
			buildPhases = (
				1D793B1921FA07E000E4C80C /* Sources */,
				1D793B1A21FA07E000E4C80C /* Frameworks */,
				1D793B1B21FA07E000E4C80C /* Resources */,
			);
			buildRules = (
			);
			dependencies = (
				1D793B1F21FA07E000E4C80C /* PBXTargetDependency */,
			);
			name = jedeyeTests;
			productName = jedeyeTests;
			productReference = 1D793B1D21FA07E000E4C80C /* jedeyeTests.xctest */;
			productType = "com.apple.product-type.bundle.unit-test";
		};
		1D793B2721FA07E000E4C80C /* jedeyeUITests */ = {
			isa = PBXNativeTarget;
			buildConfigurationList = 1D793B3721FA07E000E4C80C /* Build configuration list for PBXNativeTarget "jedeyeUITests" */;
			buildPhases = (
				1D793B2421FA07E000E4C80C /* Sources */,
				1D793B2521FA07E000E4C80C /* Frameworks */,
				1D793B2621FA07E000E4C80C /* Resources */,
			);
			buildRules = (
			);
			dependencies = (
				1D793B2A21FA07E000E4C80C /* PBXTargetDependency */,
			);
			name = jedeyeUITests;
			productName = jedeyeUITests;
			productReference = 1D793B2821FA07E000E4C80C /* jedeyeUITests.xctest */;
			productType = "com.apple.product-type.bundle.ui-testing";
		};
/* End PBXNativeTarget section */

/* Begin PBXProject section */
		1D793B0121FA07DE00E4C80C /* Project object */ = {
			isa = PBXProject;
			attributes = {
				LastSwiftUpdateCheck = 1010;
				LastUpgradeCheck = 1010;
				ORGANIZATIONNAME = Datacom;
				TargetAttributes = {
					1D793B0821FA07DE00E4C80C = {
						CreatedOnToolsVersion = 10.1;
						LastSwiftMigration = 1020;
					};
					1D793B1C21FA07E000E4C80C = {
						CreatedOnToolsVersion = 10.1;
						LastSwiftMigration = 1020;
						TestTargetID = 1D793B0821FA07DE00E4C80C;
					};
					1D793B2721FA07E000E4C80C = {
						CreatedOnToolsVersion = 10.1;
						LastSwiftMigration = 1020;
						TestTargetID = 1D793B0821FA07DE00E4C80C;
					};
				};
			};
			buildConfigurationList = 1D793B0421FA07DE00E4C80C /* Build configuration list for PBXProject "jedeye" */;
			compatibilityVersion = "Xcode 9.3";
			developmentRegion = en;
			hasScannedForEncodings = 0;
			knownRegions = (
				en,
				Base,
			);
			mainGroup = 1D793B0021FA07DE00E4C80C;
			productRefGroup = 1D793B0A21FA07DE00E4C80C /* Products */;
			projectDirPath = "";
			projectRoot = "";
			targets = (
				1D793B0821FA07DE00E4C80C /* jedeye */,
				1D793B1C21FA07E000E4C80C /* jedeyeTests */,
				1D793B2721FA07E000E4C80C /* jedeyeUITests */,
			);
		};
/* End PBXProject section */

/* Begin PBXResourcesBuildPhase section */
		1D793B0721FA07DE00E4C80C /* Resources */ = {
			isa = PBXResourcesBuildPhase;
			buildActionMask = 2147483647;
			files = (
				1D793B1721FA07DF00E4C80C /* LaunchScreen.storyboard in Resources */,
				1D33454922A05F72004DB221 /* Jedeye logo 1024x1024.png in Resources */,
				1D793B1421FA07DF00E4C80C /* Assets.xcassets in Resources */,
				1D943DCB2296FB140021B163 /* templogo.png in Resources */,
				1D33454722A05F72004DB221 /* Jedeye logo 120x120.png in Resources */,
				1D8C113B22C68E9500F38275 /* savesurvey.php in Resources */,
				1D6D4DF422C50A5200D065EF /* fetchsurveys.php in Resources */,
				1D6D4DF622C53E2000D065EF /* fetchkvpairs.php in Resources */,
				1D793B1221FA07DE00E4C80C /* Main.storyboard in Resources */,
				1D33454322A05C6B004DB221 /* JED-EYE Logo Fina.png in Resources */,
				1D33454822A05F72004DB221 /* Jedeye logo 180x180.png in Resources */,
				1DCC96E322A821990053A3CE /* File in Resources */,
			);
			runOnlyForDeploymentPostprocessing = 0;
		};
		1D793B1B21FA07E000E4C80C /* Resources */ = {
			isa = PBXResourcesBuildPhase;
			buildActionMask = 2147483647;
			files = (
			);
			runOnlyForDeploymentPostprocessing = 0;
		};
		1D793B2621FA07E000E4C80C /* Resources */ = {
			isa = PBXResourcesBuildPhase;
			buildActionMask = 2147483647;
			files = (
			);
			runOnlyForDeploymentPostprocessing = 0;
		};
/* End PBXResourcesBuildPhase section */

/* Begin PBXSourcesBuildPhase section */
		1D793B0521FA07DE00E4C80C /* Sources */ = {
			isa = PBXSourcesBuildPhase;
			buildActionMask = 2147483647;
			files = (
				1D943DCD2296FD630021B163 /* Session.swift in Sources */,
				1D8C114422CF9AAD00F38275 /* LiftWeightViewController.swift in Sources */,
				1D52F293229326DE00A43448 /* AccessoriesTVController.swift in Sources */,
				1DE4968222906F49006BEBD5 /* TerrainWeightViewController.swift in Sources */,
				1D95623A222704F8002AC2D4 /* NavController.swift in Sources */,
				1D3E80A622D7A04C009B5628 /* AddressDelegate.swift in Sources */,
				1D52F29122930AC300A43448 /* MeasurementViewController.swift in Sources */,
				1D8C114822D51E6100F38275 /* CarpenterDelegate.swift in Sources */,
				1D943DC82296E2630021B163 /* LoginViewController.swift in Sources */,
				1D73A28D22DDF754008255D5 /* SurveyInfoCell.swift in Sources */,
				1D8C114222CBA5A300F38275 /* DropDownCell.swift in Sources */,
				1D73A28522DCD779008255D5 /* LoadViewCell.swift in Sources */,
				1D95F48022E89ACA00AF0BBC /* EquipmentSelectionTVController.swift in Sources */,
				1D8C114622D5111800F38275 /* CarpenterMeasureViewController.swift in Sources */,
				1D8C113922C6862600F38275 /* AddressViewController.swift in Sources */,
				1DE4967E22905765006BEBD5 /* MeasureOpeningViewController.swift in Sources */,
				1D0089B92222DFA50057517D /* MainTVController.swift in Sources */,
				1DF5C13E22B527DB00219698 /* SurveyData.swift in Sources */,
				1D33454122A01B84004DB221 /* LoadSurveyTVController.swift in Sources */,
				1D73A28B22DDF611008255D5 /* SurveyAddressCell.swift in Sources */,
				1D8C114022C7B62800F38275 /* BooleanCell.swift in Sources */,
				1D33454B22A2C5D1004DB221 /* SurveyTypeViewController.swift in Sources */,
				1D98E4D522887D5700E3C28D /* SubtypeTVController.swift in Sources */,
				1D52F29E2295BF1900A43448 /* ArticulatingWallHeightViewController.swift in Sources */,
				1D5138952289A7D70010C7CD /* AsynchDataDelegate.swift in Sources */,
				1D52F28C2292F6E800A43448 /* FiveHundredLbViewController.swift in Sources */,
				1D95F48222E89C5100AF0BBC /* EquipmentCell.swift in Sources */,
				1D52F28F22930A8500A43448 /* PowerViewController.swift in Sources */,
				1D73A28F22DE2478008255D5 /* SurveyUserSelectionCell.swift in Sources */,
				1D33453F22A01B57004DB221 /* SaveSurveyViewController.swift in Sources */,
				1D793B0F21FA07DE00E4C80C /* ViewController.swift in Sources */,
				1D33453D22A01B15004DB221 /* SurveyStateTBController.swift in Sources */,
				1D73A28922DDF478008255D5 /* SurveyDetailTVController.swift in Sources */,
				1D793B0D21FA07DE00E4C80C /* AppDelegate.swift in Sources */,
			);
			runOnlyForDeploymentPostprocessing = 0;
		};
		1D793B1921FA07E000E4C80C /* Sources */ = {
			isa = PBXSourcesBuildPhase;
			buildActionMask = 2147483647;
			files = (
				1D793B2221FA07E000E4C80C /* jedeyeTests.swift in Sources */,
			);
			runOnlyForDeploymentPostprocessing = 0;
		};
		1D793B2421FA07E000E4C80C /* Sources */ = {
			isa = PBXSourcesBuildPhase;
			buildActionMask = 2147483647;
			files = (
				1D793B2D21FA07E000E4C80C /* jedeyeUITests.swift in Sources */,
			);
			runOnlyForDeploymentPostprocessing = 0;
		};
/* End PBXSourcesBuildPhase section */

/* Begin PBXTargetDependency section */
		1D793B1F21FA07E000E4C80C /* PBXTargetDependency */ = {
			isa = PBXTargetDependency;
			target = 1D793B0821FA07DE00E4C80C /* jedeye */;
			targetProxy = 1D793B1E21FA07E000E4C80C /* PBXContainerItemProxy */;
		};
		1D793B2A21FA07E000E4C80C /* PBXTargetDependency */ = {
			isa = PBXTargetDependency;
			target = 1D793B0821FA07DE00E4C80C /* jedeye */;
			targetProxy = 1D793B2921FA07E000E4C80C /* PBXContainerItemProxy */;
		};
/* End PBXTargetDependency section */

/* Begin PBXVariantGroup section */
		1D793B1021FA07DE00E4C80C /* Main.storyboard */ = {
			isa = PBXVariantGroup;
			children = (
				1D793B1121FA07DE00E4C80C /* Base */,
			);
			name = Main.storyboard;
			sourceTree = "<group>";
		};
		1D793B1521FA07DF00E4C80C /* LaunchScreen.storyboard */ = {
			isa = PBXVariantGroup;
			children = (
				1D793B1621FA07DF00E4C80C /* Base */,
			);
			name = LaunchScreen.storyboard;
			sourceTree = "<group>";
		};
/* End PBXVariantGroup section */

/* Begin XCBuildConfiguration section */
		1D793B2F21FA07E000E4C80C /* Debug */ = {
			isa = XCBuildConfiguration;
			buildSettings = {
				ALWAYS_SEARCH_USER_PATHS = NO;
				CLANG_ANALYZER_NONNULL = YES;
				CLANG_ANALYZER_NUMBER_OBJECT_CONVERSION = YES_AGGRESSIVE;
				CLANG_CXX_LANGUAGE_STANDARD = "gnu++14";
				CLANG_CXX_LIBRARY = "libc++";
				CLANG_ENABLE_MODULES = YES;
				CLANG_ENABLE_OBJC_ARC = YES;
				CLANG_ENABLE_OBJC_WEAK = YES;
				CLANG_WARN_BLOCK_CAPTURE_AUTORELEASING = YES;
				CLANG_WARN_BOOL_CONVERSION = YES;
				CLANG_WARN_COMMA = YES;
				CLANG_WARN_CONSTANT_CONVERSION = YES;
				CLANG_WARN_DEPRECATED_OBJC_IMPLEMENTATIONS = YES;
				CLANG_WARN_DIRECT_OBJC_ISA_USAGE = YES_ERROR;
				CLANG_WARN_DOCUMENTATION_COMMENTS = YES;
				CLANG_WARN_EMPTY_BODY = YES;
				CLANG_WARN_ENUM_CONVERSION = YES;
				CLANG_WARN_INFINITE_RECURSION = YES;
				CLANG_WARN_INT_CONVERSION = YES;
				CLANG_WARN_NON_LITERAL_NULL_CONVERSION = YES;
				CLANG_WARN_OBJC_IMPLICIT_RETAIN_SELF = YES;
				CLANG_WARN_OBJC_LITERAL_CONVERSION = YES;
				CLANG_WARN_OBJC_ROOT_CLASS = YES_ERROR;
				CLANG_WARN_RANGE_LOOP_ANALYSIS = YES;
				CLANG_WARN_STRICT_PROTOTYPES = YES;
				CLANG_WARN_SUSPICIOUS_MOVE = YES;
				CLANG_WARN_UNGUARDED_AVAILABILITY = YES_AGGRESSIVE;
				CLANG_WARN_UNREACHABLE_CODE = YES;
				CLANG_WARN__DUPLICATE_METHOD_MATCH = YES;
				CODE_SIGN_IDENTITY = "iPhone Developer";
				COPY_PHASE_STRIP = NO;
				DEBUG_INFORMATION_FORMAT = dwarf;
				ENABLE_STRICT_OBJC_MSGSEND = YES;
				ENABLE_TESTABILITY = YES;
				GCC_C_LANGUAGE_STANDARD = gnu11;
				GCC_DYNAMIC_NO_PIC = NO;
				GCC_NO_COMMON_BLOCKS = YES;
				GCC_OPTIMIZATION_LEVEL = 0;
				GCC_PREPROCESSOR_DEFINITIONS = (
					"DEBUG=1",
					"$(inherited)",
				);
				GCC_WARN_64_TO_32_BIT_CONVERSION = YES;
				GCC_WARN_ABOUT_RETURN_TYPE = YES_ERROR;
				GCC_WARN_UNDECLARED_SELECTOR = YES;
				GCC_WARN_UNINITIALIZED_AUTOS = YES_AGGRESSIVE;
				GCC_WARN_UNUSED_FUNCTION = YES;
				GCC_WARN_UNUSED_VARIABLE = YES;
				IPHONEOS_DEPLOYMENT_TARGET = 12.1;
				MTL_ENABLE_DEBUG_INFO = INCLUDE_SOURCE;
				MTL_FAST_MATH = YES;
				ONLY_ACTIVE_ARCH = YES;
				SDKROOT = iphoneos;
				SWIFT_ACTIVE_COMPILATION_CONDITIONS = DEBUG;
				SWIFT_OPTIMIZATION_LEVEL = "-Onone";
			};
			name = Debug;
		};
		1D793B3021FA07E000E4C80C /* Release */ = {
			isa = XCBuildConfiguration;
			buildSettings = {
				ALWAYS_SEARCH_USER_PATHS = NO;
				CLANG_ANALYZER_NONNULL = YES;
				CLANG_ANALYZER_NUMBER_OBJECT_CONVERSION = YES_AGGRESSIVE;
				CLANG_CXX_LANGUAGE_STANDARD = "gnu++14";
				CLANG_CXX_LIBRARY = "libc++";
				CLANG_ENABLE_MODULES = YES;
				CLANG_ENABLE_OBJC_ARC = YES;
				CLANG_ENABLE_OBJC_WEAK = YES;
				CLANG_WARN_BLOCK_CAPTURE_AUTORELEASING = YES;
				CLANG_WARN_BOOL_CONVERSION = YES;
				CLANG_WARN_COMMA = YES;
				CLANG_WARN_CONSTANT_CONVERSION = YES;
				CLANG_WARN_DEPRECATED_OBJC_IMPLEMENTATIONS = YES;
				CLANG_WARN_DIRECT_OBJC_ISA_USAGE = YES_ERROR;
				CLANG_WARN_DOCUMENTATION_COMMENTS = YES;
				CLANG_WARN_EMPTY_BODY = YES;
				CLANG_WARN_ENUM_CONVERSION = YES;
				CLANG_WARN_INFINITE_RECURSION = YES;
				CLANG_WARN_INT_CONVERSION = YES;
				CLANG_WARN_NON_LITERAL_NULL_CONVERSION = YES;
				CLANG_WARN_OBJC_IMPLICIT_RETAIN_SELF = YES;
				CLANG_WARN_OBJC_LITERAL_CONVERSION = YES;
				CLANG_WARN_OBJC_ROOT_CLASS = YES_ERROR;
				CLANG_WARN_RANGE_LOOP_ANALYSIS = YES;
				CLANG_WARN_STRICT_PROTOTYPES = YES;
				CLANG_WARN_SUSPICIOUS_MOVE = YES;
				CLANG_WARN_UNGUARDED_AVAILABILITY = YES_AGGRESSIVE;
				CLANG_WARN_UNREACHABLE_CODE = YES;
				CLANG_WARN__DUPLICATE_METHOD_MATCH = YES;
				CODE_SIGN_IDENTITY = "iPhone Developer";
				COPY_PHASE_STRIP = NO;
				DEBUG_INFORMATION_FORMAT = "dwarf-with-dsym";
				ENABLE_NS_ASSERTIONS = NO;
				ENABLE_STRICT_OBJC_MSGSEND = YES;
				GCC_C_LANGUAGE_STANDARD = gnu11;
				GCC_NO_COMMON_BLOCKS = YES;
				GCC_WARN_64_TO_32_BIT_CONVERSION = YES;
				GCC_WARN_ABOUT_RETURN_TYPE = YES_ERROR;
				GCC_WARN_UNDECLARED_SELECTOR = YES;
				GCC_WARN_UNINITIALIZED_AUTOS = YES_AGGRESSIVE;
				GCC_WARN_UNUSED_FUNCTION = YES;
				GCC_WARN_UNUSED_VARIABLE = YES;
				IPHONEOS_DEPLOYMENT_TARGET = 12.1;
				MTL_ENABLE_DEBUG_INFO = NO;
				MTL_FAST_MATH = YES;
				SDKROOT = iphoneos;
				SWIFT_COMPILATION_MODE = wholemodule;
				SWIFT_OPTIMIZATION_LEVEL = "-O";
				VALIDATE_PRODUCT = YES;
			};
			name = Release;
		};
		1D793B3221FA07E000E4C80C /* Debug */ = {
			isa = XCBuildConfiguration;
			buildSettings = {
				ASSETCATALOG_COMPILER_APPICON_NAME = AppIcon;
				CODE_SIGN_IDENTITY = "iPhone Developer";
				CODE_SIGN_STYLE = Automatic;
				DEVELOPMENT_TEAM = 3S6A928SW3;
				INFOPLIST_FILE = jedeye/Info.plist;
				IPHONEOS_DEPLOYMENT_TARGET = 10.0;
				LD_RUNPATH_SEARCH_PATHS = (
					"$(inherited)",
					"@executable_path/Frameworks",
				);
				PRODUCT_BUNDLE_IDENTIFIER = com.datacom.jedeye;
				PRODUCT_NAME = "$(TARGET_NAME)";
				PROVISIONING_PROFILE_SPECIFIER = "";
				SWIFT_VERSION = 5.0;
				TARGETED_DEVICE_FAMILY = "1,2";
			};
			name = Debug;
		};
		1D793B3321FA07E000E4C80C /* Release */ = {
			isa = XCBuildConfiguration;
			buildSettings = {
				ASSETCATALOG_COMPILER_APPICON_NAME = AppIcon;
				CODE_SIGN_IDENTITY = "iPhone Developer";
				CODE_SIGN_STYLE = Automatic;
				DEVELOPMENT_TEAM = 3S6A928SW3;
				INFOPLIST_FILE = jedeye/Info.plist;
				IPHONEOS_DEPLOYMENT_TARGET = 10.0;
				LD_RUNPATH_SEARCH_PATHS = (
					"$(inherited)",
					"@executable_path/Frameworks",
				);
				PRODUCT_BUNDLE_IDENTIFIER = com.datacom.jedeye;
				PRODUCT_NAME = "$(TARGET_NAME)";
				PROVISIONING_PROFILE_SPECIFIER = "";
				SWIFT_VERSION = 5.0;
				TARGETED_DEVICE_FAMILY = "1,2";
			};
			name = Release;
		};
		1D793B3521FA07E000E4C80C /* Debug */ = {
			isa = XCBuildConfiguration;
			buildSettings = {
				ALWAYS_EMBED_SWIFT_STANDARD_LIBRARIES = YES;
				BUNDLE_LOADER = "$(TEST_HOST)";
				CODE_SIGN_STYLE = Automatic;
				INFOPLIST_FILE = jedeyeTests/Info.plist;
				LD_RUNPATH_SEARCH_PATHS = (
					"$(inherited)",
					"@executable_path/Frameworks",
					"@loader_path/Frameworks",
				);
				PRODUCT_BUNDLE_IDENTIFIER = com.datacom.jedeyeTests;
				PRODUCT_NAME = "$(TARGET_NAME)";
				SWIFT_VERSION = 5.0;
				TARGETED_DEVICE_FAMILY = "1,2";
				TEST_HOST = "$(BUILT_PRODUCTS_DIR)/jedeye.app/jedeye";
			};
			name = Debug;
		};
		1D793B3621FA07E000E4C80C /* Release */ = {
			isa = XCBuildConfiguration;
			buildSettings = {
				ALWAYS_EMBED_SWIFT_STANDARD_LIBRARIES = YES;
				BUNDLE_LOADER = "$(TEST_HOST)";
				CODE_SIGN_STYLE = Automatic;
				INFOPLIST_FILE = jedeyeTests/Info.plist;
				LD_RUNPATH_SEARCH_PATHS = (
					"$(inherited)",
					"@executable_path/Frameworks",
					"@loader_path/Frameworks",
				);
				PRODUCT_BUNDLE_IDENTIFIER = com.datacom.jedeyeTests;
				PRODUCT_NAME = "$(TARGET_NAME)";
				SWIFT_VERSION = 5.0;
				TARGETED_DEVICE_FAMILY = "1,2";
				TEST_HOST = "$(BUILT_PRODUCTS_DIR)/jedeye.app/jedeye";
			};
			name = Release;
		};
		1D793B3821FA07E000E4C80C /* Debug */ = {
			isa = XCBuildConfiguration;
			buildSettings = {
				ALWAYS_EMBED_SWIFT_STANDARD_LIBRARIES = YES;
				CODE_SIGN_STYLE = Automatic;
				INFOPLIST_FILE = jedeyeUITests/Info.plist;
				LD_RUNPATH_SEARCH_PATHS = (
					"$(inherited)",
					"@executable_path/Frameworks",
					"@loader_path/Frameworks",
				);
				PRODUCT_BUNDLE_IDENTIFIER = com.datacom.jedeyeUITests;
				PRODUCT_NAME = "$(TARGET_NAME)";
				SWIFT_VERSION = 5.0;
				TARGETED_DEVICE_FAMILY = "1,2";
				TEST_TARGET_NAME = jedeye;
			};
			name = Debug;
		};
		1D793B3921FA07E000E4C80C /* Release */ = {
			isa = XCBuildConfiguration;
			buildSettings = {
				ALWAYS_EMBED_SWIFT_STANDARD_LIBRARIES = YES;
				CODE_SIGN_STYLE = Automatic;
				INFOPLIST_FILE = jedeyeUITests/Info.plist;
				LD_RUNPATH_SEARCH_PATHS = (
					"$(inherited)",
					"@executable_path/Frameworks",
					"@loader_path/Frameworks",
				);
				PRODUCT_BUNDLE_IDENTIFIER = com.datacom.jedeyeUITests;
				PRODUCT_NAME = "$(TARGET_NAME)";
				SWIFT_VERSION = 5.0;
				TARGETED_DEVICE_FAMILY = "1,2";
				TEST_TARGET_NAME = jedeye;
			};
			name = Release;
		};
/* End XCBuildConfiguration section */

/* Begin XCConfigurationList section */
		1D793B0421FA07DE00E4C80C /* Build configuration list for PBXProject "jedeye" */ = {
			isa = XCConfigurationList;
			buildConfigurations = (
				1D793B2F21FA07E000E4C80C /* Debug */,
				1D793B3021FA07E000E4C80C /* Release */,
			);
			defaultConfigurationIsVisible = 0;
			defaultConfigurationName = Release;
		};
		1D793B3121FA07E000E4C80C /* Build configuration list for PBXNativeTarget "jedeye" */ = {
			isa = XCConfigurationList;
			buildConfigurations = (
				1D793B3221FA07E000E4C80C /* Debug */,
				1D793B3321FA07E000E4C80C /* Release */,
			);
			defaultConfigurationIsVisible = 0;
			defaultConfigurationName = Release;
		};
		1D793B3421FA07E000E4C80C /* Build configuration list for PBXNativeTarget "jedeyeTests" */ = {
			isa = XCConfigurationList;
			buildConfigurations = (
				1D793B3521FA07E000E4C80C /* Debug */,
				1D793B3621FA07E000E4C80C /* Release */,
			);
			defaultConfigurationIsVisible = 0;
			defaultConfigurationName = Release;
		};
		1D793B3721FA07E000E4C80C /* Build configuration list for PBXNativeTarget "jedeyeUITests" */ = {
			isa = XCConfigurationList;
			buildConfigurations = (
				1D793B3821FA07E000E4C80C /* Debug */,
				1D793B3921FA07E000E4C80C /* Release */,
			);
			defaultConfigurationIsVisible = 0;
			defaultConfigurationName = Release;
		};
/* End XCConfigurationList section */
	};
	rootObject = 1D793B0121FA07DE00E4C80C /* Project object */;
}
