// !$*UTF8*$!
{
	archiveVersion = 1;
	classes = {
	};
	objectVersion = 50;
	objects = {

/* Begin PBXBuildFile section */
		1D793B0D21FA07DE00E4C80C /* AppDelegate.swift in Sources */ = {isa = PBXBuildFile; fileRef = 1D793B0C21FA07DE00E4C80C /* AppDelegate.swift */; };
		1D793B0F21FA07DE00E4C80C /* ViewController.swift in Sources */ = {isa = PBXBuildFile; fileRef = 1D793B0E21FA07DE00E4C80C /* ViewController.swift */; };
		1D793B1221FA07DE00E4C80C /* Main.storyboard in Resources */ = {isa = PBXBuildFile; fileRef = 1D793B1021FA07DE00E4C80C /* Main.storyboard */; };
		1D793B1421FA07DF00E4C80C /* Assets.xcassets in Resources */ = {isa = PBXBuildFile; fileRef = 1D793B1321FA07DF00E4C80C /* Assets.xcassets */; };
		1D793B1721FA07DF00E4C80C /* LaunchScreen.storyboard in Resources */ = {isa = PBXBuildFile; fileRef = 1D793B1521FA07DF00E4C80C /* LaunchScreen.storyboard */; };
		1D793B2221FA07E000E4C80C /* jedeyeTests.swift in Sources */ = {isa = PBXBuildFile; fileRef = 1D793B2121FA07E000E4C80C /* jedeyeTests.swift */; };
		1D793B2D21FA07E000E4C80C /* jedeyeUITests.swift in Sources */ = {isa = PBXBuildFile; fileRef = 1D793B2C21FA07E000E4C80C /* jedeyeUITests.swift */; };
/* End PBXBuildFile section */

/* Begin PBXContainerItemProxy section */
		1D793B1E21FA07E000E4C80C /* PBXContainerItemProxy */ = {
			isa = PBXContainerItemProxy;
			containerPortal = 1D793B0121FA07DE00E4C80C /* Project object */;
			proxyType = 1;
			remoteGlobalIDString = 1D793B0821FA07DE00E4C80C;
			remoteInfo = jedeye;
		};
		1D793B2921FA07E000E4C80C /* PBXContainerItemProxy */ = {
			isa = PBXContainerItemProxy;
			containerPortal = 1D793B0121FA07DE00E4C80C /* Project object */;
			proxyType = 1;
			remoteGlobalIDString = 1D793B0821FA07DE00E4C80C;
			remoteInfo = jedeye;
		};
/* End PBXContainerItemProxy section */

/* Begin PBXFileReference section */
		1D793B0921FA07DE00E4C80C /* jedeye.app */ = {isa = PBXFileReference; explicitFileType = wrapper.application; includeInIndex = 0; path = jedeye.app; sourceTree = BUILT_PRODUCTS_DIR; };
		1D793B0C21FA07DE00E4C80C /* AppDelegate.swift */ = {isa = PBXFileReference; lastKnownFileType = sourcecode.swift; path = AppDelegate.swift; sourceTree = "<group>"; };
		1D793B0E21FA07DE00E4C80C /* ViewController.swift */ = {isa = PBXFileReference; lastKnownFileType = sourcecode.swift; path = ViewController.swift; sourceTree = "<group>"; };
		1D793B1121FA07DE00E4C80C /* Base */ = {isa = PBXFileReference; lastKnownFileType = file.storyboard; name = Base; path = Base.lproj/Main.storyboard; sourceTree = "<group>"; };
		1D793B1321FA07DF00E4C80C /* Assets.xcassets */ = {isa = PBXFileReference; lastKnownFileType = folder.assetcatalog; path = Assets.xcassets; sourceTree = "<group>"; };
		1D793B1621FA07DF00E4C80C /* Base */ = {isa = PBXFileReference; lastKnownFileType = file.storyboard; name = Base; path = Base.lproj/LaunchScreen.storyboard; sourceTree = "<group>"; };
		1D793B1821FA07DF00E4C80C /* Info.plist */ = {isa = PBXFileReference; lastKnownFileType = text.plist.xml; path = Info.plist; sourceTree = "<group>"; };
		1D793B1D21FA07E000E4C80C /* jedeyeTests.xctest */ = {isa = PBXFileReference; explicitFileType = wrapper.cfbundle; includeInIndex = 0; path = jedeyeTests.xctest; sourceTree = BUILT_PRODUCTS_DIR; };
		1D793B2121FA07E000E4C80C /* jedeyeTests.swift */ = {isa = PBXFileReference; lastKnownFileType = sourcecode.swift; path = jedeyeTests.swift; sourceTree = "<group>"; };
		1D793B2321FA07E000E4C80C /* Info.plist */ = {isa = PBXFileReference; lastKnownFileType = text.plist.xml; path = Info.plist; sourceTree = "<group>"; };
		1D793B2821FA07E000E4C80C /* jedeyeUITests.xctest */ = {isa = PBXFileReference; explicitFileType = wrapper.cfbundle; includeInIndex = 0; path = jedeyeUITests.xctest; sourceTree = BUILT_PRODUCTS_DIR; };
		1D793B2C21FA07E000E4C80C /* jedeyeUITests.swift */ = {isa = PBXFileReference; lastKnownFileType = sourcecode.swift; path = jedeyeUITests.swift; sourceTree = "<group>"; };
		1D793B2E21FA07E000E4C80C /* Info.plist */ = {isa = PBXFileReference; lastKnownFileType = text.plist.xml; path = Info.plist; sourceTree = "<group>"; };
/* End PBXFileReference section */

/* Begin PBXFrameworksBuildPhase section */
		1D793B0621FA07DE00E4C80C /* Frameworks */ = {
			isa = PBXFrameworksBuildPhase;
			buildActionMask = 2147483647;
			files = (
			);
			runOnlyForDeploymentPostprocessing = 0;
		};
		1D793B1A21FA07E000E4C80C /* Frameworks */ = {
			isa = PBXFrameworksBuildPhase;
			buildActionMask = 2147483647;
			files = (
			);
			runOnlyForDeploymentPostprocessing = 0;
		};
		1D793B2521FA07E000E4C80C /* Frameworks */ = {
			isa = PBXFrameworksBuildPhase;
			buildActionMask = 2147483647;
			files = (
			);
			runOnlyForDeploymentPostprocessing = 0;
		};
/* End PBXFrameworksBuildPhase section */

/* Begin PBXGroup section */
		1D793B0021FA07DE00E4C80C = {
			isa = PBXGroup;
			children = (
				1D793B0B21FA07DE00E4C80C /* jedeye */,
				1D793B2021FA07E000E4C80C /* jedeyeTests */,
				1D793B2B21FA07E000E4C80C /* jedeyeUITests */,
				1D793B0A21FA07DE00E4C80C /* Products */,
			);
			sourceTree = "<group>";
		};
		1D793B0A21FA07DE00E4C80C /* Products */ = {
			isa = PBXGroup;
			children = (
				1D793B0921FA07DE00E4C80C /* jedeye.app */,
				1D793B1D21FA07E000E4C80C /* jedeyeTests.xctest */,
				1D793B2821FA07E000E4C80C /* jedeyeUITests.xctest */,
			);
			name = Products;
			sourceTree = "<group>";
		};
		1D793B0B21FA07DE00E4C80C /* jedeye */ = {
			isa = PBXGroup;
			children = (
				1D793B0C21FA07DE00E4C80C /* AppDelegate.swift */,
				1D793B0E21FA07DE00E4C80C /* ViewController.swift */,
				1D793B1021FA07DE00E4C80C /* Main.storyboard */,
				1D793B1321FA07DF00E4C80C /* Assets.xcassets */,
				1D793B1521FA07DF00E4C80C /* LaunchScreen.storyboard */,
				1D793B1821FA07DF00E4C80C /* Info.plist */,
			);
			path = jedeye;
			sourceTree = "<group>";
		};
		1D793B2021FA07E000E4C80C /* jedeyeTests */ = {
			isa = PBXGroup;
			children = (
				1D793B2121FA07E000E4C80C /* jedeyeTests.swift */,
				1D793B2321FA07E000E4C80C /* Info.plist */,
			);
			path = jedeyeTests;
			sourceTree = "<group>";
		};
		1D793B2B21FA07E000E4C80C /* jedeyeUITests */ = {
			isa = PBXGroup;
			children = (
				1D793B2C21FA07E000E4C80C /* jedeyeUITests.swift */,
				1D793B2E21FA07E000E4C80C /* Info.plist */,
			);
			path = jedeyeUITests;
			sourceTree = "<group>";
		};
/* End PBXGroup section */

/* Begin PBXNativeTarget section */
		1D793B0821FA07DE00E4C80C /* jedeye */ = {
			isa = PBXNativeTarget;
			buildConfigurationList = 1D793B3121FA07E000E4C80C /* Build configuration list for PBXNativeTarget "jedeye" */;
			buildPhases = (
				1D793B0521FA07DE00E4C80C /* Sources */,
				1D793B0621FA07DE00E4C80C /* Frameworks */,
				1D793B0721FA07DE00E4C80C /* Resources */,
			);
			buildRules = (
			);
			dependencies = (
			);
			name = jedeye;
			productName = jedeye;
			productReference = 1D793B0921FA07DE00E4C80C /* jedeye.app */;
			productType = "com.apple.product-type.application";
		};
		1D793B1C21FA07E000E4C80C /* jedeyeTests */ = {
			isa = PBXNativeTarget;
			buildConfigurationList = 1D793B3421FA07E000E4C80C /* Build configuration list for PBXNativeTarget "jedeyeTests" */;
			buildPhases = (
				1D793B1921FA07E000E4C80C /* Sources */,
				1D793B1A21FA07E000E4C80C /* Frameworks */,
				1D793B1B21FA07E000E4C80C /* Resources */,
			);
			buildRules = (
			);
			dependencies = (
				1D793B1F21FA07E000E4C80C /* PBXTargetDependency */,
			);
			name = jedeyeTests;
			productName = jedeyeTests;
			productReference = 1D793B1D21FA07E000E4C80C /* jedeyeTests.xctest */;
			productType = "com.apple.product-type.bundle.unit-test";
		};
		1D793B2721FA07E000E4C80C /* jedeyeUITests */ = {
			isa = PBXNativeTarget;
			buildConfigurationList = 1D793B3721FA07E000E4C80C /* Build configuration list for PBXNativeTarget "jedeyeUITests" */;
			buildPhases = (
				1D793B2421FA07E000E4C80C /* Sources */,
				1D793B2521FA07E000E4C80C /* Frameworks */,
				1D793B2621FA07E000E4C80C /* Resources */,
			);
			buildRules = (
			);
			dependencies = (
				1D793B2A21FA07E000E4C80C /* PBXTargetDependency */,
			);
			name = jedeyeUITests;
			productName = jedeyeUITests;
			productReference = 1D793B2821FA07E000E4C80C /* jedeyeUITests.xctest */;
			productType = "com.apple.product-type.bundle.ui-testing";
		};
/* End PBXNativeTarget section */

/* Begin PBXProject section */
		1D793B0121FA07DE00E4C80C /* Project object */ = {
			isa = PBXProject;
			attributes = {
				LastSwiftUpdateCheck = 1010;
				LastUpgradeCheck = 1010;
				ORGANIZATIONNAME = Datacom;
				TargetAttributes = {
					1D793B0821FA07DE00E4C80C = {
						CreatedOnToolsVersion = 10.1;
					};
					1D793B1C21FA07E000E4C80C = {
						CreatedOnToolsVersion = 10.1;
						TestTargetID = 1D793B0821FA07DE00E4C80C;
					};
					1D793B2721FA07E000E4C80C = {
						CreatedOnToolsVersion = 10.1;
						TestTargetID = 1D793B0821FA07DE00E4C80C;
					};
				};
			};
			buildConfigurationList = 1D793B0421FA07DE00E4C80C /* Build configuration list for PBXProject "jedeye" */;
			compatibilityVersion = "Xcode 9.3";
			developmentRegion = en;
			hasScannedForEncodings = 0;
			knownRegions = (
				en,
				Base,
			);
			mainGroup = 1D793B0021FA07DE00E4C80C;
			productRefGroup = 1D793B0A21FA07DE00E4C80C /* Products */;
			projectDirPath = "";
			projectRoot = "";
			targets = (
				1D793B0821FA07DE00E4C80C /* jedeye */,
				1D793B1C21FA07E000E4C80C /* jedeyeTests */,
				1D793B2721FA07E000E4C80C /* jedeyeUITests */,
			);
		};
/* End PBXProject section */

/* Begin PBXResourcesBuildPhase section */
		1D793B0721FA07DE00E4C80C /* Resources */ = {
			isa = PBXResourcesBuildPhase;
			buildActionMask = 2147483647;
			files = (
				1D793B1721FA07DF00E4C80C /* LaunchScreen.storyboard in Resources */,
				1D793B1421FA07DF00E4C80C /* Assets.xcassets in Resources */,
				1D793B1221FA07DE00E4C80C /* Main.storyboard in Resources */,
			);
			runOnlyForDeploymentPostprocessing = 0;
		};
		1D793B1B21FA07E000E4C80C /* Resources */ = {
			isa = PBXResourcesBuildPhase;
			buildActionMask = 2147483647;
			files = (
			);
			runOnlyForDeploymentPostprocessing = 0;
		};
		1D793B2621FA07E000E4C80C /* Resources */ = {
			isa = PBXResourcesBuildPhase;
			buildActionMask = 2147483647;
			files = (
			);
			runOnlyForDeploymentPostprocessing = 0;
		};
/* End PBXResourcesBuildPhase section */

/* Begin PBXSourcesBuildPhase section */
		1D793B0521FA07DE00E4C80C /* Sources */ = {
			isa = PBXSourcesBuildPhase;
			buildActionMask = 2147483647;
			files = (
				1D793B0F21FA07DE00E4C80C /* ViewController.swift in Sources */,
				1D793B0D21FA07DE00E4C80C /* AppDelegate.swift in Sources */,
			);
			runOnlyForDeploymentPostprocessing = 0;
		};
		1D793B1921FA07E000E4C80C /* Sources */ = {
			isa = PBXSourcesBuildPhase;
			buildActionMask = 2147483647;
			files = (
				1D793B2221FA07E000E4C80C /* jedeyeTests.swift in Sources */,
			);
			runOnlyForDeploymentPostprocessing = 0;
		};
		1D793B2421FA07E000E4C80C /* Sources */ = {
			isa = PBXSourcesBuildPhase;
			buildActionMask = 2147483647;
			files = (
				1D793B2D21FA07E000E4C80C /* jedeyeUITests.swift in Sources */,
			);
			runOnlyForDeploymentPostprocessing = 0;
		};
/* End PBXSourcesBuildPhase section */

/* Begin PBXTargetDependency section */
		1D793B1F21FA07E000E4C80C /* PBXTargetDependency */ = {
			isa = PBXTargetDependency;
			target = 1D793B0821FA07DE00E4C80C /* jedeye */;
			targetProxy = 1D793B1E21FA07E000E4C80C /* PBXContainerItemProxy */;
		};
		1D793B2A21FA07E000E4C80C /* PBXTargetDependency */ = {
			isa = PBXTargetDependency;
			target = 1D793B0821FA07DE00E4C80C /* jedeye */;
			targetProxy = 1D793B2921FA07E000E4C80C /* PBXContainerItemProxy */;
		};
/* End PBXTargetDependency section */

/* Begin PBXVariantGroup section */
		1D793B1021FA07DE00E4C80C /* Main.storyboard */ = {
			isa = PBXVariantGroup;
			children = (
				1D793B1121FA07DE00E4C80C /* Base */,
			);
			name = Main.storyboard;
			sourceTree = "<group>";
		};
		1D793B1521FA07DF00E4C80C /* LaunchScreen.storyboard */ = {
			isa = PBXVariantGroup;
			children = (
				1D793B1621FA07DF00E4C80C /* Base */,
			);
			name = LaunchScreen.storyboard;
			sourceTree = "<group>";
		};
/* End PBXVariantGroup section */

/* Begin XCBuildConfiguration section */
		1D793B2F21FA07E000E4C80C /* Debug */ = {
			isa = XCBuildConfiguration;
			buildSettings = {
				ALWAYS_SEARCH_USER_PATHS = NO;
				CLANG_ANALYZER_NONNULL = YES;
				CLANG_ANALYZER_NUMBER_OBJECT_CONVERSION = YES_AGGRESSIVE;
				CLANG_CXX_LANGUAGE_STANDARD = "gnu++14";
				CLANG_CXX_LIBRARY = "libc++";
				CLANG_ENABLE_MODULES = YES;
				CLANG_ENABLE_OBJC_ARC = YES;
				CLANG_ENABLE_OBJC_WEAK = YES;
				CLANG_WARN_BLOCK_CAPTURE_AUTORELEASING = YES;
				CLANG_WARN_BOOL_CONVERSION = YES;
				CLANG_WARN_COMMA = YES;
				CLANG_WARN_CONSTANT_CONVERSION = YES;
				CLANG_WARN_DEPRECATED_OBJC_IMPLEMENTATIONS = YES;
				CLANG_WARN_DIRECT_OBJC_ISA_USAGE = YES_ERROR;
				CLANG_WARN_DOCUMENTATION_COMMENTS = YES;
				CLANG_WARN_EMPTY_BODY = YES;
				CLANG_WARN_ENUM_CONVERSION = YES;
				CLANG_WARN_INFINITE_RECURSION = YES;
				CLANG_WARN_INT_CONVERSION = YES;
				CLANG_WARN_NON_LITERAL_NULL_CONVERSION = YES;
				CLANG_WARN_OBJC_IMPLICIT_RETAIN_SELF = YES;
				CLANG_WARN_OBJC_LITERAL_CONVERSION = YES;
				CLANG_WARN_OBJC_ROOT_CLASS = YES_ERROR;
				CLANG_WARN_RANGE_LOOP_ANALYSIS = YES;
				CLANG_WARN_STRICT_PROTOTYPES = YES;
				CLANG_WARN_SUSPICIOUS_MOVE = YES;
				CLANG_WARN_UNGUARDED_AVAILABILITY = YES_AGGRESSIVE;
				CLANG_WARN_UNREACHABLE_CODE = YES;
				CLANG_WARN__DUPLICATE_METHOD_MATCH = YES;
				CODE_SIGN_IDENTITY = "iPhone Developer";
				COPY_PHASE_STRIP = NO;
				DEBUG_INFORMATION_FORMAT = dwarf;
				ENABLE_STRICT_OBJC_MSGSEND = YES;
				ENABLE_TESTABILITY = YES;
				GCC_C_LANGUAGE_STANDARD = gnu11;
				GCC_DYNAMIC_NO_PIC = NO;
				GCC_NO_COMMON_BLOCKS = YES;
				GCC_OPTIMIZATION_LEVEL = 0;
				GCC_PREPROCESSOR_DEFINITIONS = (
					"DEBUG=1",
					"$(inherited)",
				);
				GCC_WARN_64_TO_32_BIT_CONVERSION = YES;
				GCC_WARN_ABOUT_RETURN_TYPE = YES_ERROR;
				GCC_WARN_UNDECLARED_SELECTOR = YES;
				GCC_WARN_UNINITIALIZED_AUTOS = YES_AGGRESSIVE;
				GCC_WARN_UNUSED_FUNCTION = YES;
				GCC_WARN_UNUSED_VARIABLE = YES;
				IPHONEOS_DEPLOYMENT_TARGET = 12.1;
				MTL_ENABLE_DEBUG_INFO = INCLUDE_SOURCE;
				MTL_FAST_MATH = YES;
				ONLY_ACTIVE_ARCH = YES;
				SDKROOT = iphoneos;
				SWIFT_ACTIVE_COMPILATION_CONDITIONS = DEBUG;
				SWIFT_OPTIMIZATION_LEVEL = "-Onone";
			};
			name = Debug;
		};
		1D793B3021FA07E000E4C80C /* Release */ = {
			isa = XCBuildConfiguration;
			buildSettings = {
				ALWAYS_SEARCH_USER_PATHS = NO;
				CLANG_ANALYZER_NONNULL = YES;
				CLANG_ANALYZER_NUMBER_OBJECT_CONVERSION = YES_AGGRESSIVE;
				CLANG_CXX_LANGUAGE_STANDARD = "gnu++14";
				CLANG_CXX_LIBRARY = "libc++";
				CLANG_ENABLE_MODULES = YES;
				CLANG_ENABLE_OBJC_ARC = YES;
				CLANG_ENABLE_OBJC_WEAK = YES;
				CLANG_WARN_BLOCK_CAPTURE_AUTORELEASING = YES;
				CLANG_WARN_BOOL_CONVERSION = YES;
				CLANG_WARN_COMMA = YES;
				CLANG_WARN_CONSTANT_CONVERSION = YES;
				CLANG_WARN_DEPRECATED_OBJC_IMPLEMENTATIONS = YES;
				CLANG_WARN_DIRECT_OBJC_ISA_USAGE = YES_ERROR;
				CLANG_WARN_DOCUMENTATION_COMMENTS = YES;
				CLANG_WARN_EMPTY_BODY = YES;
				CLANG_WARN_ENUM_CONVERSION = YES;
				CLANG_WARN_INFINITE_RECURSION = YES;
				CLANG_WARN_INT_CONVERSION = YES;
				CLANG_WARN_NON_LITERAL_NULL_CONVERSION = YES;
				CLANG_WARN_OBJC_IMPLICIT_RETAIN_SELF = YES;
				CLANG_WARN_OBJC_LITERAL_CONVERSION = YES;
				CLANG_WARN_OBJC_ROOT_CLASS = YES_ERROR;
				CLANG_WARN_RANGE_LOOP_ANALYSIS = YES;
				CLANG_WARN_STRICT_PROTOTYPES = YES;
				CLANG_WARN_SUSPICIOUS_MOVE = YES;
				CLANG_WARN_UNGUARDED_AVAILABILITY = YES_AGGRESSIVE;
				CLANG_WARN_UNREACHABLE_CODE = YES;
				CLANG_WARN__DUPLICATE_METHOD_MATCH = YES;
				CODE_SIGN_IDENTITY = "iPhone Developer";
				COPY_PHASE_STRIP = NO;
				DEBUG_INFORMATION_FORMAT = "dwarf-with-dsym";
				ENABLE_NS_ASSERTIONS = NO;
				ENABLE_STRICT_OBJC_MSGSEND = YES;
				GCC_C_LANGUAGE_STANDARD = gnu11;
				GCC_NO_COMMON_BLOCKS = YES;
				GCC_WARN_64_TO_32_BIT_CONVERSION = YES;
				GCC_WARN_ABOUT_RETURN_TYPE = YES_ERROR;
				GCC_WARN_UNDECLARED_SELECTOR = YES;
				GCC_WARN_UNINITIALIZED_AUTOS = YES_AGGRESSIVE;
				GCC_WARN_UNUSED_FUNCTION = YES;
				GCC_WARN_UNUSED_VARIABLE = YES;
				IPHONEOS_DEPLOYMENT_TARGET = 12.1;
				MTL_ENABLE_DEBUG_INFO = NO;
				MTL_FAST_MATH = YES;
				SDKROOT = iphoneos;
				SWIFT_COMPILATION_MODE = wholemodule;
				SWIFT_OPTIMIZATION_LEVEL = "-O";
				VALIDATE_PRODUCT = YES;
			};
			name = Release;
		};
		1D793B3221FA07E000E4C80C /* Debug */ = {
			isa = XCBuildConfiguration;
			buildSettings = {
				ASSETCATALOG_COMPILER_APPICON_NAME = AppIcon;
				CODE_SIGN_STYLE = Automatic;
				INFOPLIST_FILE = jedeye/Info.plist;
				LD_RUNPATH_SEARCH_PATHS = (
					"$(inherited)",
					"@executable_path/Frameworks",
				);
				PRODUCT_BUNDLE_IDENTIFIER = com.datacom.jedeye;
				PRODUCT_NAME = "$(TARGET_NAME)";
				SWIFT_VERSION = 4.2;
				TARGETED_DEVICE_FAMILY = "1,2";
			};
			name = Debug;
		};
		1D793B3321FA07E000E4C80C /* Release */ = {
			isa = XCBuildConfiguration;
			buildSettings = {
				ASSETCATALOG_COMPILER_APPICON_NAME = AppIcon;
				CODE_SIGN_STYLE = Automatic;
				INFOPLIST_FILE = jedeye/Info.plist;
				LD_RUNPATH_SEARCH_PATHS = (
					"$(inherited)",
					"@executable_path/Frameworks",
				);
				PRODUCT_BUNDLE_IDENTIFIER = com.datacom.jedeye;
				PRODUCT_NAME = "$(TARGET_NAME)";
				SWIFT_VERSION = 4.2;
				TARGETED_DEVICE_FAMILY = "1,2";
			};
			name = Release;
		};
		1D793B3521FA07E000E4C80C /* Debug */ = {
			isa = XCBuildConfiguration;
			buildSettings = {
				ALWAYS_EMBED_SWIFT_STANDARD_LIBRARIES = YES;
				BUNDLE_LOADER = "$(TEST_HOST)";
				CODE_SIGN_STYLE = Automatic;
				INFOPLIST_FILE = jedeyeTests/Info.plist;
				LD_RUNPATH_SEARCH_PATHS = (
					"$(inherited)",
					"@executable_path/Frameworks",
					"@loader_path/Frameworks",
				);
				PRODUCT_BUNDLE_IDENTIFIER = com.datacom.jedeyeTests;
				PRODUCT_NAME = "$(TARGET_NAME)";
				SWIFT_VERSION = 4.2;
				TARGETED_DEVICE_FAMILY = "1,2";
				TEST_HOST = "$(BUILT_PRODUCTS_DIR)/jedeye.app/jedeye";
			};
			name = Debug;
		};
		1D793B3621FA07E000E4C80C /* Release */ = {
			isa = XCBuildConfiguration;
			buildSettings = {
				ALWAYS_EMBED_SWIFT_STANDARD_LIBRARIES = YES;
				BUNDLE_LOADER = "$(TEST_HOST)";
				CODE_SIGN_STYLE = Automatic;
				INFOPLIST_FILE = jedeyeTests/Info.plist;
				LD_RUNPATH_SEARCH_PATHS = (
					"$(inherited)",
					"@executable_path/Frameworks",
					"@loader_path/Frameworks",
				);
				PRODUCT_BUNDLE_IDENTIFIER = com.datacom.jedeyeTests;
				PRODUCT_NAME = "$(TARGET_NAME)";
				SWIFT_VERSION = 4.2;
				TARGETED_DEVICE_FAMILY = "1,2";
				TEST_HOST = "$(BUILT_PRODUCTS_DIR)/jedeye.app/jedeye";
			};
			name = Release;
		};
		1D793B3821FA07E000E4C80C /* Debug */ = {
			isa = XCBuildConfiguration;
			buildSettings = {
				ALWAYS_EMBED_SWIFT_STANDARD_LIBRARIES = YES;
				CODE_SIGN_STYLE = Automatic;
				INFOPLIST_FILE = jedeyeUITests/Info.plist;
				LD_RUNPATH_SEARCH_PATHS = (
					"$(inherited)",
					"@executable_path/Frameworks",
					"@loader_path/Frameworks",
				);
				PRODUCT_BUNDLE_IDENTIFIER = com.datacom.jedeyeUITests;
				PRODUCT_NAME = "$(TARGET_NAME)";
				SWIFT_VERSION = 4.2;
				TARGETED_DEVICE_FAMILY = "1,2";
				TEST_TARGET_NAME = jedeye;
			};
			name = Debug;
		};
		1D793B3921FA07E000E4C80C /* Release */ = {
			isa = XCBuildConfiguration;
			buildSettings = {
				ALWAYS_EMBED_SWIFT_STANDARD_LIBRARIES = YES;
				CODE_SIGN_STYLE = Automatic;
				INFOPLIST_FILE = jedeyeUITests/Info.plist;
				LD_RUNPATH_SEARCH_PATHS = (
					"$(inherited)",
					"@executable_path/Frameworks",
					"@loader_path/Frameworks",
				);
				PRODUCT_BUNDLE_IDENTIFIER = com.datacom.jedeyeUITests;
				PRODUCT_NAME = "$(TARGET_NAME)";
				SWIFT_VERSION = 4.2;
				TARGETED_DEVICE_FAMILY = "1,2";
				TEST_TARGET_NAME = jedeye;
			};
			name = Release;
		};
/* End XCBuildConfiguration section */

/* Begin XCConfigurationList section */
		1D793B0421FA07DE00E4C80C /* Build configuration list for PBXProject "jedeye" */ = {
			isa = XCConfigurationList;
			buildConfigurations = (
				1D793B2F21FA07E000E4C80C /* Debug */,
				1D793B3021FA07E000E4C80C /* Release */,
			);
			defaultConfigurationIsVisible = 0;
			defaultConfigurationName = Release;
		};
		1D793B3121FA07E000E4C80C /* Build configuration list for PBXNativeTarget "jedeye" */ = {
			isa = XCConfigurationList;
			buildConfigurations = (
				1D793B3221FA07E000E4C80C /* Debug */,
				1D793B3321FA07E000E4C80C /* Release */,
			);
			defaultConfigurationIsVisible = 0;
			defaultConfigurationName = Release;
		};
		1D793B3421FA07E000E4C80C /* Build configuration list for PBXNativeTarget "jedeyeTests" */ = {
			isa = XCConfigurationList;
			buildConfigurations = (
				1D793B3521FA07E000E4C80C /* Debug */,
				1D793B3621FA07E000E4C80C /* Release */,
			);
			defaultConfigurationIsVisible = 0;
			defaultConfigurationName = Release;
		};
		1D793B3721FA07E000E4C80C /* Build configuration list for PBXNativeTarget "jedeyeUITests" */ = {
			isa = XCConfigurationList;
			buildConfigurations = (
				1D793B3821FA07E000E4C80C /* Debug */,
				1D793B3921FA07E000E4C80C /* Release */,
			);
			defaultConfigurationIsVisible = 0;
			defaultConfigurationName = Release;
		};
/* End XCConfigurationList section */
	};
	rootObject = 1D793B0121FA07DE00E4C80C /* Project object */;
}
